{
  "name": "electron",
  "version": "1.0.0",
  "lockfileVersion": 1,
  "requires": true,
  "dependencies": {
    "marked": {
      "version": "2.0.6",
      "resolved": "https://registry.npmjs.org/marked/-/marked-2.0.6.tgz",
      "integrity": "sha512-S2mYj0FzTQa0dLddssqwRVW4EOJOVJ355Xm2Vcbm+LU7GQRGWvwbO5K87OaPSOux2AwTSgtPPaXmc8sDPrhn2A=="
    }
  }
}
